
Microsoft Visual Studio Solution File, Format Version 11.00
# Visual Studio 2010
Project("{FAE04EC0-301F-11D3-BF4B-00C04F79EFBC}") = "LfBackTesterPrototype", "LfBackTesterPrototype\LfBackTesterPrototype.csproj", "{21C4B15A-81AD-4204-B0B2-9D255CF7F86A}"
EndProject
Project("{2150E333-8FDC-42A3-9474-1A3956D46DE8}") = "Solution Items", "Solution Items", "{A3136431-E558-43AD-AA5F-20074CEF63A0}"
	ProjectSection(SolutionItems) = preProject
		Performance1.psess = Performance1.psess
	EndProjectSection
EndProject
Global
	GlobalSection(SolutionConfigurationPlatforms) = preSolution
		Debug|x86 = Debug|x86
		Release|x86 = Release|x86
	EndGlobalSection
	GlobalSection(ProjectConfigurationPlatforms) = postSolution
		{21C4B15A-81AD-4204-B0B2-9D255CF7F86A}.Debug|x86.ActiveCfg = Debug|x86
		{21C4B15A-81AD-4204-B0B2-9D255CF7F86A}.Debug|x86.Build.0 = Debug|x86
		{21C4B15A-81AD-4204-B0B2-9D255CF7F86A}.Release|x86.ActiveCfg = Release|x86
		{21C4B15A-81AD-4204-B0B2-9D255CF7F86A}.Release|x86.Build.0 = Release|x86
	EndGlobalSection
	GlobalSection(SolutionProperties) = preSolution
		HideSolutionNode = FALSE
	EndGlobalSection
EndGlobal
